
Microsoft Visual Studio Solution File, Format Version 12.00
# Visual Studio Version 17
VisualStudioVersion = 17.7.34018.315
MinimumVisualStudioVersion = 10.0.40219.1
Project("{FAE04EC0-301F-11D3-BF4B-00C04F79EFBC}") = "HelloMethods", "HelloMethods\HelloMethods.csproj", "{36D07E79-C75B-4404-B178-D948B6D1AEB1}"
EndProject
Global
	GlobalSection(SolutionConfigurationPlatforms) = preSolution
		Debug|Any CPU = Debug|Any CPU
		Release|Any CPU = Release|Any CPU
	EndGlobalSection
	GlobalSection(ProjectConfigurationPlatforms) = postSolution
		{36D07E79-C75B-4404-B178-D948B6D1AEB1}.Debug|Any CPU.ActiveCfg = Debug|Any CPU
		{36D07E79-C75B-4404-B178-D948B6D1AEB1}.Debug|Any CPU.Build.0 = Debug|Any CPU
		{36D07E79-C75B-4404-B178-D948B6D1AEB1}.Release|Any CPU.ActiveCfg = Release|Any CPU
		{36D07E79-C75B-4404-B178-D948B6D1AEB1}.Release|Any CPU.Build.0 = Release|Any CPU
	EndGlobalSection
	GlobalSection(SolutionProperties) = preSolution
		HideSolutionNode = FALSE
	EndGlobalSection
	GlobalSection(ExtensibilityGlobals) = postSolution
		SolutionGuid = {86240AB4-A3CC-45C6-BEFD-9DC41F66F149}
	EndGlobalSection
EndGlobal
